
Microsoft Visual Studio Solution File, Format Version 12.00
# Visual Studio Version 17
VisualStudioVersion = 17.10.35013.160
MinimumVisualStudioVersion = 10.0.40219.1
Project("{FAE04EC0-301F-11D3-BF4B-00C04F79EFBC}") = "OptimizedIdentifier", "OptimizedIdentifier\OptimizedIdentifier.csproj", "{F7C83EB8-EE69-4B98-84F2-9BC3482FC0BD}"
EndProject
Global
	GlobalSection(SolutionConfigurationPlatforms) = preSolution
		Debug|Any CPU = Debug|Any CPU
		Release|Any CPU = Release|Any CPU
	EndGlobalSection
	GlobalSection(ProjectConfigurationPlatforms) = postSolution
		{F7C83EB8-EE69-4B98-84F2-9BC3482FC0BD}.Debug|Any CPU.ActiveCfg = Debug|Any CPU
		{F7C83EB8-EE69-4B98-84F2-9BC3482FC0BD}.Debug|Any CPU.Build.0 = Debug|Any CPU
		{F7C83EB8-EE69-4B98-84F2-9BC3482FC0BD}.Release|Any CPU.ActiveCfg = Release|Any CPU
		{F7C83EB8-EE69-4B98-84F2-9BC3482FC0BD}.Release|Any CPU.Build.0 = Release|Any CPU
	EndGlobalSection
	GlobalSection(SolutionProperties) = preSolution
		HideSolutionNode = FALSE
	EndGlobalSection
	GlobalSection(ExtensibilityGlobals) = postSolution
		SolutionGuid = {21DBD9AA-EE62-40C1-8C46-0D5294829909}
	EndGlobalSection
EndGlobal
